<?xml version="1.0" encoding="utf-8"?>
<Project ToolsVersion="4.0" xmlns="http://schemas.microsoft.com/developer/msbuild/2003">
  <ItemGroup>
    <Filter Include="Source Files">
      <UniqueIdentifier>{4FC737F1-C7A5-4376-A066-2A32D752A2FF}</UniqueIdentifier>
      <Extensions>cpp;c;cc;cxx;c++;cppm;ixx;def;odl;idl;hpj;bat;asm;asmx</Extensions>
    </Filter>
    <Filter Include="Header Files">
      <UniqueIdentifier>{93995380-89BD-4b04-88EB-625FBE52EBFB}</UniqueIdentifier>
      <Extensions>h;hh;hpp;hxx;h++;hm;inl;inc;ipp;xsd</Extensions>
    </Filter>
    <Filter Include="Resource Files">
      <UniqueIdentifier>{67DA6AB6-F800-4c08-8B7A-83BB121AAD01}</UniqueIdentifier>
      <Extensions>rc;ico;cur;bmp;dlg;rc2;rct;bin;rgs;gif;jpg;jpeg;jpe;resx;tiff;tif;png;wav;mfcribbon-ms</Extensions>
    </Filter>
  </ItemGroup>
  <ItemGroup>
    <ClCompile Include="main.cpp">
      <Filter>Source Files</Filter>
    </ClCompile>
    <ClCompile Include="render\d3d9\d3d9.cpp">
      <Filter>Source Files</Filter>
    </ClCompile>
    <ClCompile Include="render\drawlist\drawlist.cpp">
      <Filter>Source Files</Filter>
    </ClCompile>
    <ClCompile Include="render\font\font.cpp">
      <Filter>Source Files</Filter>
    </ClCompile>
    <ClCompile Include="render\threadsafe\threadsafe.cpp">
      <Filter>Source Files</Filter>
    </ClCompile>
    <ClCompile Include="render\render.cpp">
      <Filter>Source Files</Filter>
    </ClCompile>
  </ItemGroup>
  <ItemGroup>
    <ClInclude Include="render\d3d9\d3d9.h">
      <Filter>Header Files</Filter>
    </ClInclude>
    <ClInclude Include="render\drawlist\drawlist.h">
      <Filter>Header Files</Filter>
    </ClInclude>
    <ClInclude Include="render\font\font.h">
      <Filter>Header Files</Filter>
    </ClInclude>
    <ClInclude Include="render\lib\lib.h">
      <Filter>Header Files</Filter>
    </ClInclude>
    <ClInclude Include="render\lib\stb_image.h">
      <Filter>Header Files</Filter>
    </ClInclude>
    <ClInclude Include="render\lib\stb_truetype.h">
      <Filter>Header Files</Filter>
    </ClInclude>
    <ClInclude Include="render\threadsafe\threadsafe.h">
      <Filter>Header Files</Filter>
    </ClInclude>
    <ClInclude Include="render\types\geometry\base.h">
      <Filter>Header Files</Filter>
    </ClInclude>
    <ClInclude Include="render\types\geometry\geometry.h">
      <Filter>Header Files</Filter>
    </ClInclude>
    <ClInclude Include="render\types\geometry\line.h">
      <Filter>Header Files</Filter>
    </ClInclude>
    <ClInclude Include="render\types\geometry\rectangle.h">
      <Filter>Header Files</Filter>
    </ClInclude>
    <ClInclude Include="render\types\buffer.h">
      <Filter>Header Files</Filter>
    </ClInclude>
    <ClInclude Include="render\types\color.h">
      <Filter>Header Files</Filter>
    </ClInclude>
    <ClInclude Include="render\types\types.h">
      <Filter>Header Files</Filter>
    </ClInclude>
    <ClInclude Include="render\render.h">
      <Filter>Header Files</Filter>
    </ClInclude>
    <ClInclude Include="render\variadic_vector.h">
      <Filter>Header Files</Filter>
    </ClInclude>
  </ItemGroup>
</Project>